
Microsoft Visual Studio Solution File, Format Version 12.00
# Visual Studio Version 17
VisualStudioVersion = 17.7.34202.233
MinimumVisualStudioVersion = 10.0.40219.1
Project("{FAE04EC0-301F-11D3-BF4B-00C04F79EFBC}") = "StringCalculatorKata", "StringCalculator\StringCalculatorKata.csproj", "{4983776D-F51E-4DEB-A1B3-800E29055C16}"
EndProject
Project("{FAE04EC0-301F-11D3-BF4B-00C04F79EFBC}") = "StringCalculatorKataTest", "StringCalculatorKataTest\StringCalculatorKataTest.csproj", "{BAC9902A-29D3-41F6-9F86-D7A6F902D9EF}"
EndProject
Global
	GlobalSection(SolutionConfigurationPlatforms) = preSolution
		Debug|Any CPU = Debug|Any CPU
		Release|Any CPU = Release|Any CPU
	EndGlobalSection
	GlobalSection(ProjectConfigurationPlatforms) = postSolution
		{4983776D-F51E-4DEB-A1B3-800E29055C16}.Debug|Any CPU.ActiveCfg = Debug|Any CPU
		{4983776D-F51E-4DEB-A1B3-800E29055C16}.Debug|Any CPU.Build.0 = Debug|Any CPU
		{4983776D-F51E-4DEB-A1B3-800E29055C16}.Release|Any CPU.ActiveCfg = Release|Any CPU
		{4983776D-F51E-4DEB-A1B3-800E29055C16}.Release|Any CPU.Build.0 = Release|Any CPU
		{BAC9902A-29D3-41F6-9F86-D7A6F902D9EF}.Debug|Any CPU.ActiveCfg = Debug|Any CPU
		{BAC9902A-29D3-41F6-9F86-D7A6F902D9EF}.Debug|Any CPU.Build.0 = Debug|Any CPU
		{BAC9902A-29D3-41F6-9F86-D7A6F902D9EF}.Release|Any CPU.ActiveCfg = Release|Any CPU
		{BAC9902A-29D3-41F6-9F86-D7A6F902D9EF}.Release|Any CPU.Build.0 = Release|Any CPU
	EndGlobalSection
	GlobalSection(SolutionProperties) = preSolution
		HideSolutionNode = FALSE
	EndGlobalSection
	GlobalSection(ExtensibilityGlobals) = postSolution
		SolutionGuid = {2BE83E64-8E3E-4012-89F5-7AF59B6770F9}
	EndGlobalSection
EndGlobal
